
Microsoft Visual Studio Solution File, Format Version 12.00
# Visual Studio Version 17
VisualStudioVersion = 17.13.35825.156
MinimumVisualStudioVersion = 10.0.40219.1
Project("{FAE04EC0-301F-11D3-BF4B-00C04F79EFBC}") = "WikiTestsSample", "TestProject1\WikiTestsSample.csproj", "{C9009C5F-0CA2-4606-B948-7F5E8FFB264B}"
EndProject
Project("{FAE04EC0-301F-11D3-BF4B-00C04F79EFBC}") = "DjovaniTests", "DjovaniTests\DjovaniTests.csproj", "{50E2BA99-06AA-49C3-903A-DE70950F799D}"
EndProject
Global
	GlobalSection(SolutionConfigurationPlatforms) = preSolution
		Debug|Any CPU = Debug|Any CPU
		Release|Any CPU = Release|Any CPU
	EndGlobalSection
	GlobalSection(ProjectConfigurationPlatforms) = postSolution
		{C9009C5F-0CA2-4606-B948-7F5E8FFB264B}.Debug|Any CPU.ActiveCfg = Debug|Any CPU
		{C9009C5F-0CA2-4606-B948-7F5E8FFB264B}.Debug|Any CPU.Build.0 = Debug|Any CPU
		{C9009C5F-0CA2-4606-B948-7F5E8FFB264B}.Release|Any CPU.ActiveCfg = Release|Any CPU
		{C9009C5F-0CA2-4606-B948-7F5E8FFB264B}.Release|Any CPU.Build.0 = Release|Any CPU
		{50E2BA99-06AA-49C3-903A-DE70950F799D}.Debug|Any CPU.ActiveCfg = Debug|Any CPU
		{50E2BA99-06AA-49C3-903A-DE70950F799D}.Debug|Any CPU.Build.0 = Debug|Any CPU
		{50E2BA99-06AA-49C3-903A-DE70950F799D}.Release|Any CPU.ActiveCfg = Release|Any CPU
		{50E2BA99-06AA-49C3-903A-DE70950F799D}.Release|Any CPU.Build.0 = Release|Any CPU
	EndGlobalSection
	GlobalSection(SolutionProperties) = preSolution
		HideSolutionNode = FALSE
	EndGlobalSection
	GlobalSection(ExtensibilityGlobals) = postSolution
		SolutionGuid = {A9787F00-F4D7-4FF4-B415-9ED9EBC9C8A0}
	EndGlobalSection
EndGlobal
